
Microsoft Visual Studio Solution File, Format Version 12.00
# Visual Studio Version 17
VisualStudioVersion = 17.3.32922.545
MinimumVisualStudioVersion = 10.0.40219.1
Project("{FAE04EC0-301F-11D3-BF4B-00C04F79EFBC}") = "YAFE", "VarScannerHelper\YAFE.csproj", "{A9E8112C-6441-4E8B-9931-698596C57DD6}"
EndProject
Global
	GlobalSection(SolutionConfigurationPlatforms) = preSolution
		Debug|Any CPU = Debug|Any CPU
		Release|Any CPU = Release|Any CPU
	EndGlobalSection
	GlobalSection(ProjectConfigurationPlatforms) = postSolution
		{A9E8112C-6441-4E8B-9931-698596C57DD6}.Debug|Any CPU.ActiveCfg = Debug|Any CPU
		{A9E8112C-6441-4E8B-9931-698596C57DD6}.Debug|Any CPU.Build.0 = Debug|Any CPU
		{A9E8112C-6441-4E8B-9931-698596C57DD6}.Release|Any CPU.ActiveCfg = Release|Any CPU
		{A9E8112C-6441-4E8B-9931-698596C57DD6}.Release|Any CPU.Build.0 = Release|Any CPU
	EndGlobalSection
	GlobalSection(SolutionProperties) = preSolution
		HideSolutionNode = FALSE
	EndGlobalSection
	GlobalSection(ExtensibilityGlobals) = postSolution
		SolutionGuid = {4C079A36-61BB-46D0-A294-E4176C9B83CE}
	EndGlobalSection
EndGlobal
